// !$*UTF8*$!
{
	archiveVersion = 1;
	classes = {
	};
	objectVersion = 46;
	objects = {

/* Begin PBXBuildFile section */
		253F54820F106EFAB202EDA9 /* Pods_Rehab_TrackerUITests.framework in Frameworks */ = {isa = PBXBuildFile; fileRef = 9B4F1967C44C3AC89C57BF4B /* Pods_Rehab_TrackerUITests.framework */; };
		4221681C1DF9A069008FDDF8 /* StatsViewController.swift in Sources */ = {isa = PBXBuildFile; fileRef = 4221681B1DF9A069008FDDF8 /* StatsViewController.swift */; };
		42378C6C1E53D39C005575D6 /* Util.swift in Sources */ = {isa = PBXBuildFile; fileRef = 42378C6B1E53D39C005575D6 /* Util.swift */; };
		42A0D50E1E5259960003A96B /* Rehab_Tracker.xcdatamodeld in Sources */ = {isa = PBXBuildFile; fileRef = 42A0D50C1E5259960003A96B /* Rehab_Tracker.xcdatamodeld */; };
		42A96A9A1DF5E7FC0016FD5B /* Session+CoreDataClass.swift in Sources */ = {isa = PBXBuildFile; fileRef = 42A96A961DF5E7FC0016FD5B /* Session+CoreDataClass.swift */; };
		42A96A9B1DF5E7FC0016FD5B /* Session+CoreDataProperties.swift in Sources */ = {isa = PBXBuildFile; fileRef = 42A96A971DF5E7FC0016FD5B /* Session+CoreDataProperties.swift */; };
		42A96A9C1DF5E7FC0016FD5B /* User+CoreDataClass.swift in Sources */ = {isa = PBXBuildFile; fileRef = 42A96A981DF5E7FC0016FD5B /* User+CoreDataClass.swift */; };
		42A96A9D1DF5E7FC0016FD5B /* User+CoreDataProperties.swift in Sources */ = {isa = PBXBuildFile; fileRef = 42A96A991DF5E7FC0016FD5B /* User+CoreDataProperties.swift */; };
		42B654C61DCA90DA0031C21F /* SyncViewController.swift in Sources */ = {isa = PBXBuildFile; fileRef = 42B654C51DCA90DA0031C21F /* SyncViewController.swift */; };
		42CBBECF1E8EC32300B215A8 /* NotificationService.swift in Sources */ = {isa = PBXBuildFile; fileRef = 42CBBECE1E8EC32300B215A8 /* NotificationService.swift */; };
		42CBBED31E8EC32300B215A8 /* NotificationService.appex in Embed App Extensions */ = {isa = PBXBuildFile; fileRef = 42CBBECC1E8EC32200B215A8 /* NotificationService.appex */; settings = {ATTRIBUTES = (RemoveHeadersOnCopy, ); }; };
		42CCA4291E39456F009CB0DE /* LaunchScreen.xib in Resources */ = {isa = PBXBuildFile; fileRef = 42CCA4271E39456F009CB0DE /* LaunchScreen.xib */; };
		42F087DE1DFDE62800C38CAC /* Charts.framework in Frameworks */ = {isa = PBXBuildFile; fileRef = 42F087D91DFDE60700C38CAC /* Charts.framework */; };
		42F087DF1DFDE62800C38CAC /* Charts.framework in Embed Frameworks */ = {isa = PBXBuildFile; fileRef = 42F087D91DFDE60700C38CAC /* Charts.framework */; settings = {ATTRIBUTES = (CodeSignOnCopy, RemoveHeadersOnCopy, ); }; };
		42F252A91DC8F42200C79D99 /* AppDelegate.swift in Sources */ = {isa = PBXBuildFile; fileRef = 42F252A81DC8F42200C79D99 /* AppDelegate.swift */; };
		42F252AB1DC8F42200C79D99 /* ViewController.swift in Sources */ = {isa = PBXBuildFile; fileRef = 42F252AA1DC8F42200C79D99 /* ViewController.swift */; };
		42F252AE1DC8F42300C79D99 /* Main.storyboard in Resources */ = {isa = PBXBuildFile; fileRef = 42F252AC1DC8F42300C79D99 /* Main.storyboard */; };
		42F252B31DC8F42300C79D99 /* Assets.xcassets in Resources */ = {isa = PBXBuildFile; fileRef = 42F252B21DC8F42300C79D99 /* Assets.xcassets */; };
		42F252C11DC8F42300C79D99 /* Rehab_TrackerTests.swift in Sources */ = {isa = PBXBuildFile; fileRef = 42F252C01DC8F42300C79D99 /* Rehab_TrackerTests.swift */; };
		42F252CC1DC8F42300C79D99 /* Rehab_TrackerUITests.swift in Sources */ = {isa = PBXBuildFile; fileRef = 42F252CB1DC8F42300C79D99 /* Rehab_TrackerUITests.swift */; };
		626A8E611486C0530AE4264B /* Pods_Rehab_Tracker.framework in Frameworks */ = {isa = PBXBuildFile; fileRef = FD9D15B4DCEC4A7E0B37AAD6 /* Pods_Rehab_Tracker.framework */; };
		74321E3FECFFE3B0A1BCA013 /* Pods_Rehab_TrackerTests.framework in Frameworks */ = {isa = PBXBuildFile; fileRef = 19CED83F4022241E44F1F882 /* Pods_Rehab_TrackerTests.framework */; };
/* End PBXBuildFile section */

/* Begin PBXContainerItemProxy section */
		42CBBED11E8EC32300B215A8 /* PBXContainerItemProxy */ = {
			isa = PBXContainerItemProxy;
			containerPortal = 42F2529D1DC8F42200C79D99 /* Project object */;
			proxyType = 1;
			remoteGlobalIDString = 42CBBECB1E8EC32200B215A8;
			remoteInfo = NotificationService;
		};
		42F087D81DFDE60700C38CAC /* PBXContainerItemProxy */ = {
			isa = PBXContainerItemProxy;
			containerPortal = 42F087D21DFDE60600C38CAC /* Charts.xcodeproj */;
			proxyType = 2;
			remoteGlobalIDString = 06165F241D8110E600722320;
			remoteInfo = Charts;
		};
		42F087DA1DFDE60700C38CAC /* PBXContainerItemProxy */ = {
			isa = PBXContainerItemProxy;
			containerPortal = 42F087D21DFDE60600C38CAC /* Charts.xcodeproj */;
			proxyType = 2;
			remoteGlobalIDString = 06B120D51D811E6200D14B02;
			remoteInfo = ChartsRealm;
		};
		42F087DC1DFDE60700C38CAC /* PBXContainerItemProxy */ = {
			isa = PBXContainerItemProxy;
			containerPortal = 42F087D21DFDE60600C38CAC /* Charts.xcodeproj */;
			proxyType = 2;
			remoteGlobalIDString = 06165F2E1D8110E600722320;
			remoteInfo = ChartsTests;
		};
		42F087E01DFDE62800C38CAC /* PBXContainerItemProxy */ = {
			isa = PBXContainerItemProxy;
			containerPortal = 42F087D21DFDE60600C38CAC /* Charts.xcodeproj */;
			proxyType = 1;
			remoteGlobalIDString = 06165F231D8110E600722320;
			remoteInfo = Charts;
		};
		42F252BD1DC8F42300C79D99 /* PBXContainerItemProxy */ = {
			isa = PBXContainerItemProxy;
			containerPortal = 42F2529D1DC8F42200C79D99 /* Project object */;
			proxyType = 1;
			remoteGlobalIDString = 42F252A41DC8F42200C79D99;
			remoteInfo = "Rehab Tracker";
		};
		42F252C81DC8F42300C79D99 /* PBXContainerItemProxy */ = {
			isa = PBXContainerItemProxy;
			containerPortal = 42F2529D1DC8F42200C79D99 /* Project object */;
			proxyType = 1;
			remoteGlobalIDString = 42F252A41DC8F42200C79D99;
			remoteInfo = "Rehab Tracker";
		};
/* End PBXContainerItemProxy section */

/* Begin PBXCopyFilesBuildPhase section */
		420831281E6CB2F8007297DF /* Embed App Extensions */ = {
			isa = PBXCopyFilesBuildPhase;
			buildActionMask = 2147483647;
			dstPath = "";
			dstSubfolderSpec = 13;
			files = (
				42CBBED31E8EC32300B215A8 /* NotificationService.appex in Embed App Extensions */,
			);
			name = "Embed App Extensions";
			runOnlyForDeploymentPostprocessing = 0;
		};
		42F087E21DFDE62800C38CAC /* Embed Frameworks */ = {
			isa = PBXCopyFilesBuildPhase;
			buildActionMask = 2147483647;
			dstPath = "";
			dstSubfolderSpec = 10;
			files = (
				42F087DF1DFDE62800C38CAC /* Charts.framework in Embed Frameworks */,
			);
			name = "Embed Frameworks";
			runOnlyForDeploymentPostprocessing = 0;
		};
/* End PBXCopyFilesBuildPhase section */

/* Begin PBXFileReference section */
		19CED83F4022241E44F1F882 /* Pods_Rehab_TrackerTests.framework */ = {isa = PBXFileReference; explicitFileType = wrapper.framework; includeInIndex = 0; path = Pods_Rehab_TrackerTests.framework; sourceTree = BUILT_PRODUCTS_DIR; };
		287D7DB1AAD5C316CD3B6319 /* Pods-Rehab TrackerUITests.release.xcconfig */ = {isa = PBXFileReference; includeInIndex = 1; lastKnownFileType = text.xcconfig; name = "Pods-Rehab TrackerUITests.release.xcconfig"; path = "Pods/Target Support Files/Pods-Rehab TrackerUITests/Pods-Rehab TrackerUITests.release.xcconfig"; sourceTree = "<group>"; };
		4221681B1DF9A069008FDDF8 /* StatsViewController.swift */ = {isa = PBXFileReference; fileEncoding = 4; lastKnownFileType = sourcecode.swift; path = StatsViewController.swift; sourceTree = "<group>"; };
		42378C6B1E53D39C005575D6 /* Util.swift */ = {isa = PBXFileReference; fileEncoding = 4; lastKnownFileType = sourcecode.swift; path = Util.swift; sourceTree = "<group>"; };
		42A0D50D1E5259960003A96B /* CoreDataPractice.xcdatamodel */ = {isa = PBXFileReference; lastKnownFileType = wrapper.xcdatamodel; path = CoreDataPractice.xcdatamodel; sourceTree = "<group>"; };
		42A96A961DF5E7FC0016FD5B /* Session+CoreDataClass.swift */ = {isa = PBXFileReference; fileEncoding = 4; lastKnownFileType = sourcecode.swift; path = "Session+CoreDataClass.swift"; sourceTree = "<group>"; };
		42A96A971DF5E7FC0016FD5B /* Session+CoreDataProperties.swift */ = {isa = PBXFileReference; fileEncoding = 4; lastKnownFileType = sourcecode.swift; path = "Session+CoreDataProperties.swift"; sourceTree = "<group>"; };
		42A96A981DF5E7FC0016FD5B /* User+CoreDataClass.swift */ = {isa = PBXFileReference; fileEncoding = 4; lastKnownFileType = sourcecode.swift; path = "User+CoreDataClass.swift"; sourceTree = "<group>"; };
		42A96A991DF5E7FC0016FD5B /* User+CoreDataProperties.swift */ = {isa = PBXFileReference; fileEncoding = 4; lastKnownFileType = sourcecode.swift; path = "User+CoreDataProperties.swift"; sourceTree = "<group>"; };
		42B654C51DCA90DA0031C21F /* SyncViewController.swift */ = {isa = PBXFileReference; fileEncoding = 4; lastKnownFileType = sourcecode.swift; path = SyncViewController.swift; sourceTree = "<group>"; };
		42CBBECC1E8EC32200B215A8 /* NotificationService.appex */ = {isa = PBXFileReference; explicitFileType = "wrapper.app-extension"; includeInIndex = 0; path = NotificationService.appex; sourceTree = BUILT_PRODUCTS_DIR; };
		42CBBECE1E8EC32300B215A8 /* NotificationService.swift */ = {isa = PBXFileReference; lastKnownFileType = sourcecode.swift; path = NotificationService.swift; sourceTree = "<group>"; };
		42CBBED01E8EC32300B215A8 /* Info.plist */ = {isa = PBXFileReference; lastKnownFileType = text.plist.xml; path = Info.plist; sourceTree = "<group>"; };
		42CBBED71E8ED21F00B215A8 /* Rehab Tracker.entitlements */ = {isa = PBXFileReference; lastKnownFileType = text.plist.entitlements; path = "Rehab Tracker.entitlements"; sourceTree = "<group>"; };
		42CCA4281E39456F009CB0DE /* Base */ = {isa = PBXFileReference; lastKnownFileType = file.xib; name = Base; path = Base.lproj/LaunchScreen.xib; sourceTree = "<group>"; };
		42F087D21DFDE60600C38CAC /* Charts.xcodeproj */ = {isa = PBXFileReference; lastKnownFileType = "wrapper.pb-project"; name = Charts.xcodeproj; path = "Charts-master/Charts.xcodeproj"; sourceTree = "<group>"; };
		42F252A51DC8F42200C79D99 /* Rehab Tracker.app */ = {isa = PBXFileReference; explicitFileType = wrapper.application; includeInIndex = 0; path = "Rehab Tracker.app"; sourceTree = BUILT_PRODUCTS_DIR; };
		42F252A81DC8F42200C79D99 /* AppDelegate.swift */ = {isa = PBXFileReference; lastKnownFileType = sourcecode.swift; path = AppDelegate.swift; sourceTree = "<group>"; };
		42F252AA1DC8F42200C79D99 /* ViewController.swift */ = {isa = PBXFileReference; lastKnownFileType = sourcecode.swift; path = ViewController.swift; sourceTree = "<group>"; };
		42F252AD1DC8F42300C79D99 /* Base */ = {isa = PBXFileReference; lastKnownFileType = file.storyboard; name = Base; path = Base.lproj/Main.storyboard; sourceTree = "<group>"; };
		42F252B21DC8F42300C79D99 /* Assets.xcassets */ = {isa = PBXFileReference; lastKnownFileType = folder.assetcatalog; path = Assets.xcassets; sourceTree = "<group>"; };
		42F252B71DC8F42300C79D99 /* Info.plist */ = {isa = PBXFileReference; lastKnownFileType = text.plist.xml; path = Info.plist; sourceTree = "<group>"; };
		42F252BC1DC8F42300C79D99 /* Rehab TrackerTests.xctest */ = {isa = PBXFileReference; explicitFileType = wrapper.cfbundle; includeInIndex = 0; path = "Rehab TrackerTests.xctest"; sourceTree = BUILT_PRODUCTS_DIR; };
		42F252C01DC8F42300C79D99 /* Rehab_TrackerTests.swift */ = {isa = PBXFileReference; lastKnownFileType = sourcecode.swift; path = Rehab_TrackerTests.swift; sourceTree = "<group>"; };
		42F252C21DC8F42300C79D99 /* Info.plist */ = {isa = PBXFileReference; lastKnownFileType = text.plist.xml; path = Info.plist; sourceTree = "<group>"; };
		42F252C71DC8F42300C79D99 /* Rehab TrackerUITests.xctest */ = {isa = PBXFileReference; explicitFileType = wrapper.cfbundle; includeInIndex = 0; path = "Rehab TrackerUITests.xctest"; sourceTree = BUILT_PRODUCTS_DIR; };
		42F252CB1DC8F42300C79D99 /* Rehab_TrackerUITests.swift */ = {isa = PBXFileReference; lastKnownFileType = sourcecode.swift; path = Rehab_TrackerUITests.swift; sourceTree = "<group>"; };
		42F252CD1DC8F42300C79D99 /* Info.plist */ = {isa = PBXFileReference; lastKnownFileType = text.plist.xml; path = Info.plist; sourceTree = "<group>"; };
		4676B7F1FDCF7A07BAD6D26C /* Pods-Rehab TrackerUITests.debug.xcconfig */ = {isa = PBXFileReference; includeInIndex = 1; lastKnownFileType = text.xcconfig; name = "Pods-Rehab TrackerUITests.debug.xcconfig"; path = "Pods/Target Support Files/Pods-Rehab TrackerUITests/Pods-Rehab TrackerUITests.debug.xcconfig"; sourceTree = "<group>"; };
		9199E6BC45625A11DD740DA1 /* Pods-Rehab Tracker.debug.xcconfig */ = {isa = PBXFileReference; includeInIndex = 1; lastKnownFileType = text.xcconfig; name = "Pods-Rehab Tracker.debug.xcconfig"; path = "Pods/Target Support Files/Pods-Rehab Tracker/Pods-Rehab Tracker.debug.xcconfig"; sourceTree = "<group>"; };
		9B4F1967C44C3AC89C57BF4B /* Pods_Rehab_TrackerUITests.framework */ = {isa = PBXFileReference; explicitFileType = wrapper.framework; includeInIndex = 0; path = Pods_Rehab_TrackerUITests.framework; sourceTree = BUILT_PRODUCTS_DIR; };
		CA0F2C0D9220C8BE8902FD31 /* Pods-Rehab TrackerTests.release.xcconfig */ = {isa = PBXFileReference; includeInIndex = 1; lastKnownFileType = text.xcconfig; name = "Pods-Rehab TrackerTests.release.xcconfig"; path = "Pods/Target Support Files/Pods-Rehab TrackerTests/Pods-Rehab TrackerTests.release.xcconfig"; sourceTree = "<group>"; };
		CC4264F0AD470317BB45D4EE /* Pods-Rehab TrackerTests.debug.xcconfig */ = {isa = PBXFileReference; includeInIndex = 1; lastKnownFileType = text.xcconfig; name = "Pods-Rehab TrackerTests.debug.xcconfig"; path = "Pods/Target Support Files/Pods-Rehab TrackerTests/Pods-Rehab TrackerTests.debug.xcconfig"; sourceTree = "<group>"; };
		D1ACEE1566EC88AFD17DFE66 /* Pods-Rehab Tracker.release.xcconfig */ = {isa = PBXFileReference; includeInIndex = 1; lastKnownFileType = text.xcconfig; name = "Pods-Rehab Tracker.release.xcconfig"; path = "Pods/Target Support Files/Pods-Rehab Tracker/Pods-Rehab Tracker.release.xcconfig"; sourceTree = "<group>"; };
		FD9D15B4DCEC4A7E0B37AAD6 /* Pods_Rehab_Tracker.framework */ = {isa = PBXFileReference; explicitFileType = wrapper.framework; includeInIndex = 0; path = Pods_Rehab_Tracker.framework; sourceTree = BUILT_PRODUCTS_DIR; };
/* End PBXFileReference section */

/* Begin PBXFrameworksBuildPhase section */
		42CBBEC91E8EC32200B215A8 /* Frameworks */ = {
			isa = PBXFrameworksBuildPhase;
			buildActionMask = 2147483647;
			files = (
			);
			runOnlyForDeploymentPostprocessing = 0;
		};
		42F252A21DC8F42200C79D99 /* Frameworks */ = {
			isa = PBXFrameworksBuildPhase;
			buildActionMask = 2147483647;
			files = (
				42F087DE1DFDE62800C38CAC /* Charts.framework in Frameworks */,
				626A8E611486C0530AE4264B /* Pods_Rehab_Tracker.framework in Frameworks */,
			);
			runOnlyForDeploymentPostprocessing = 0;
		};
		42F252B91DC8F42300C79D99 /* Frameworks */ = {
			isa = PBXFrameworksBuildPhase;
			buildActionMask = 2147483647;
			files = (
				74321E3FECFFE3B0A1BCA013 /* Pods_Rehab_TrackerTests.framework in Frameworks */,
			);
			runOnlyForDeploymentPostprocessing = 0;
		};
		42F252C41DC8F42300C79D99 /* Frameworks */ = {
			isa = PBXFrameworksBuildPhase;
			buildActionMask = 2147483647;
			files = (
				253F54820F106EFAB202EDA9 /* Pods_Rehab_TrackerUITests.framework in Frameworks */,
			);
			runOnlyForDeploymentPostprocessing = 0;
		};
/* End PBXFrameworksBuildPhase section */

/* Begin PBXGroup section */
		42CBBECD1E8EC32300B215A8 /* NotificationService */ = {
			isa = PBXGroup;
			children = (
				42CBBECE1E8EC32300B215A8 /* NotificationService.swift */,
				42CBBED01E8EC32300B215A8 /* Info.plist */,
			);
			path = NotificationService;
			sourceTree = "<group>";
		};
		42F087D31DFDE60600C38CAC /* Products */ = {
			isa = PBXGroup;
			children = (
				42F087D91DFDE60700C38CAC /* Charts.framework */,
				42F087DB1DFDE60700C38CAC /* ChartsRealm.framework */,
				42F087DD1DFDE60700C38CAC /* ChartsTests.xctest */,
			);
			name = Products;
			sourceTree = "<group>";
		};
		42F2529C1DC8F42200C79D99 = {
			isa = PBXGroup;
			children = (
				42F087D21DFDE60600C38CAC /* Charts.xcodeproj */,
				42F252A71DC8F42200C79D99 /* Rehab Tracker */,
				42F252BF1DC8F42300C79D99 /* Rehab TrackerTests */,
				42F252CA1DC8F42300C79D99 /* Rehab TrackerUITests */,
				42CBBECD1E8EC32300B215A8 /* NotificationService */,
				42F252A61DC8F42200C79D99 /* Products */,
				8E76A0E7ADDAF07116EDA23B /* Pods */,
				EFBAE6211F521A6C74B9EFE7 /* Frameworks */,
			);
			sourceTree = "<group>";
		};
		42F252A61DC8F42200C79D99 /* Products */ = {
			isa = PBXGroup;
			children = (
				42F252A51DC8F42200C79D99 /* Rehab Tracker.app */,
				42F252BC1DC8F42300C79D99 /* Rehab TrackerTests.xctest */,
				42F252C71DC8F42300C79D99 /* Rehab TrackerUITests.xctest */,
				42CBBECC1E8EC32200B215A8 /* NotificationService.appex */,
			);
			name = Products;
			sourceTree = "<group>";
		};
		42F252A71DC8F42200C79D99 /* Rehab Tracker */ = {
			isa = PBXGroup;
			children = (
				42CBBED71E8ED21F00B215A8 /* Rehab Tracker.entitlements */,
				42F252B71DC8F42300C79D99 /* Info.plist */,
				42F252A81DC8F42200C79D99 /* AppDelegate.swift */,
				42A96A961DF5E7FC0016FD5B /* Session+CoreDataClass.swift */,
				42A96A971DF5E7FC0016FD5B /* Session+CoreDataProperties.swift */,
				4221681B1DF9A069008FDDF8 /* StatsViewController.swift */,
				42B654C51DCA90DA0031C21F /* SyncViewController.swift */,
				42A96A981DF5E7FC0016FD5B /* User+CoreDataClass.swift */,
				42A96A991DF5E7FC0016FD5B /* User+CoreDataProperties.swift */,
				42378C6B1E53D39C005575D6 /* Util.swift */,
				42F252AA1DC8F42200C79D99 /* ViewController.swift */,
				42F252B21DC8F42300C79D99 /* Assets.xcassets */,
				42CCA4271E39456F009CB0DE /* LaunchScreen.xib */,
				42F252AC1DC8F42300C79D99 /* Main.storyboard */,
				42A0D50C1E5259960003A96B /* Rehab_Tracker.xcdatamodeld */,
			);
			path = "Rehab Tracker";
			sourceTree = "<group>";
		};
		42F252BF1DC8F42300C79D99 /* Rehab TrackerTests */ = {
			isa = PBXGroup;
			children = (
				42F252C01DC8F42300C79D99 /* Rehab_TrackerTests.swift */,
				42F252C21DC8F42300C79D99 /* Info.plist */,
			);
			path = "Rehab TrackerTests";
			sourceTree = "<group>";
		};
		42F252CA1DC8F42300C79D99 /* Rehab TrackerUITests */ = {
			isa = PBXGroup;
			children = (
				42F252CB1DC8F42300C79D99 /* Rehab_TrackerUITests.swift */,
				42F252CD1DC8F42300C79D99 /* Info.plist */,
			);
			path = "Rehab TrackerUITests";
			sourceTree = "<group>";
		};
		8E76A0E7ADDAF07116EDA23B /* Pods */ = {
			isa = PBXGroup;
			children = (
				9199E6BC45625A11DD740DA1 /* Pods-Rehab Tracker.debug.xcconfig */,
				D1ACEE1566EC88AFD17DFE66 /* Pods-Rehab Tracker.release.xcconfig */,
				CC4264F0AD470317BB45D4EE /* Pods-Rehab TrackerTests.debug.xcconfig */,
				CA0F2C0D9220C8BE8902FD31 /* Pods-Rehab TrackerTests.release.xcconfig */,
				4676B7F1FDCF7A07BAD6D26C /* Pods-Rehab TrackerUITests.debug.xcconfig */,
				287D7DB1AAD5C316CD3B6319 /* Pods-Rehab TrackerUITests.release.xcconfig */,
			);
			name = Pods;
			sourceTree = "<group>";
		};
		EFBAE6211F521A6C74B9EFE7 /* Frameworks */ = {
			isa = PBXGroup;
			children = (
				FD9D15B4DCEC4A7E0B37AAD6 /* Pods_Rehab_Tracker.framework */,
				19CED83F4022241E44F1F882 /* Pods_Rehab_TrackerTests.framework */,
				9B4F1967C44C3AC89C57BF4B /* Pods_Rehab_TrackerUITests.framework */,
			);
			name = Frameworks;
			sourceTree = "<group>";
		};
/* End PBXGroup section */

/* Begin PBXNativeTarget section */
		42CBBECB1E8EC32200B215A8 /* NotificationService */ = {
			isa = PBXNativeTarget;
			buildConfigurationList = 42CBBED41E8EC32300B215A8 /* Build configuration list for PBXNativeTarget "NotificationService" */;
			buildPhases = (
				42CBBEC81E8EC32200B215A8 /* Sources */,
				42CBBEC91E8EC32200B215A8 /* Frameworks */,
				42CBBECA1E8EC32200B215A8 /* Resources */,
			);
			buildRules = (
			);
			dependencies = (
			);
			name = NotificationService;
			productName = NotificationService;
			productReference = 42CBBECC1E8EC32200B215A8 /* NotificationService.appex */;
			productType = "com.apple.product-type.app-extension";
		};
		42F252A41DC8F42200C79D99 /* Rehab Tracker */ = {
			isa = PBXNativeTarget;
			buildConfigurationList = 42F252D01DC8F42300C79D99 /* Build configuration list for PBXNativeTarget "Rehab Tracker" */;
			buildPhases = (
				0B16778760AD373251C7F2AB /* [CP] Check Pods Manifest.lock */,
				42F252A11DC8F42200C79D99 /* Sources */,
				42F252A21DC8F42200C79D99 /* Frameworks */,
				42F252A31DC8F42200C79D99 /* Resources */,
				42F087E21DFDE62800C38CAC /* Embed Frameworks */,
				420831281E6CB2F8007297DF /* Embed App Extensions */,
				D2AAEEC623C16EBE485B3E44 /* [CP] Embed Pods Frameworks */,
				9C32B2D5A8323A7F6735EBE4 /* [CP] Copy Pods Resources */,
			);
			buildRules = (
			);
			dependencies = (
				42F087E11DFDE62800C38CAC /* PBXTargetDependency */,
				42CBBED21E8EC32300B215A8 /* PBXTargetDependency */,
			);
			name = "Rehab Tracker";
			productName = "Rehab Tracker";
			productReference = 42F252A51DC8F42200C79D99 /* Rehab Tracker.app */;
			productType = "com.apple.product-type.application";
		};
		42F252BB1DC8F42300C79D99 /* Rehab TrackerTests */ = {
			isa = PBXNativeTarget;
			buildConfigurationList = 42F252D31DC8F42300C79D99 /* Build configuration list for PBXNativeTarget "Rehab TrackerTests" */;
			buildPhases = (
				2F6161FC12C3916E649C209B /* [CP] Check Pods Manifest.lock */,
				42F252B81DC8F42300C79D99 /* Sources */,
				42F252B91DC8F42300C79D99 /* Frameworks */,
				42F252BA1DC8F42300C79D99 /* Resources */,
				B305CBE7F1C72BB4BD8E2F20 /* [CP] Embed Pods Frameworks */,
				978274B85034016F76D2F0AC /* [CP] Copy Pods Resources */,
			);
			buildRules = (
			);
			dependencies = (
				42F252BE1DC8F42300C79D99 /* PBXTargetDependency */,
			);
			name = "Rehab TrackerTests";
			productName = "Rehab TrackerTests";
			productReference = 42F252BC1DC8F42300C79D99 /* Rehab TrackerTests.xctest */;
			productType = "com.apple.product-type.bundle.unit-test";
		};
		42F252C61DC8F42300C79D99 /* Rehab TrackerUITests */ = {
			isa = PBXNativeTarget;
			buildConfigurationList = 42F252D61DC8F42300C79D99 /* Build configuration list for PBXNativeTarget "Rehab TrackerUITests" */;
			buildPhases = (
				04CF19F0BC1C9E29FA23A2C4 /* [CP] Check Pods Manifest.lock */,
				42F252C31DC8F42300C79D99 /* Sources */,
				42F252C41DC8F42300C79D99 /* Frameworks */,
				42F252C51DC8F42300C79D99 /* Resources */,
				9E9163661216B0D7DDC06B61 /* [CP] Embed Pods Frameworks */,
				A35836EA07BFE4EEAA881A56 /* [CP] Copy Pods Resources */,
			);
			buildRules = (
			);
			dependencies = (
				42F252C91DC8F42300C79D99 /* PBXTargetDependency */,
			);
			name = "Rehab TrackerUITests";
			productName = "Rehab TrackerUITests";
			productReference = 42F252C71DC8F42300C79D99 /* Rehab TrackerUITests.xctest */;
			productType = "com.apple.product-type.bundle.ui-testing";
		};
/* End PBXNativeTarget section */

/* Begin PBXProject section */
		42F2529D1DC8F42200C79D99 /* Project object */ = {
			isa = PBXProject;
			attributes = {
				LastSwiftUpdateCheck = 0820;
				LastUpgradeCheck = 0810;
				ORGANIZATIONNAME = "CS 275 Project Group 6";
				TargetAttributes = {
					42CBBECB1E8EC32200B215A8 = {
						CreatedOnToolsVersion = 8.2.1;
						DevelopmentTeam = XD63BJ9269;
						ProvisioningStyle = Automatic;
					};
					42F252A41DC8F42200C79D99 = {
						CreatedOnToolsVersion = 8.0;
						DevelopmentTeam = XD63BJ9269;
						LastSwiftMigration = 0820;
						ProvisioningStyle = Automatic;
						SystemCapabilities = {
							com.apple.BackgroundModes = {
								enabled = 1;
							};
							com.apple.Push = {
								enabled = 1;
							};
						};
					};
					42F252BB1DC8F42300C79D99 = {
						CreatedOnToolsVersion = 8.0;
						DevelopmentTeam = XD63BJ9269;
						ProvisioningStyle = Automatic;
						TestTargetID = 42F252A41DC8F42200C79D99;
					};
					42F252C61DC8F42300C79D99 = {
						CreatedOnToolsVersion = 8.0;
						DevelopmentTeam = XD63BJ9269;
						ProvisioningStyle = Automatic;
						TestTargetID = 42F252A41DC8F42200C79D99;
					};
				};
			};
			buildConfigurationList = 42F252A01DC8F42200C79D99 /* Build configuration list for PBXProject "Rehab Tracker" */;
			compatibilityVersion = "Xcode 3.2";
			developmentRegion = English;
			hasScannedForEncodings = 0;
			knownRegions = (
				en,
				Base,
			);
			mainGroup = 42F2529C1DC8F42200C79D99;
			productRefGroup = 42F252A61DC8F42200C79D99 /* Products */;
			projectDirPath = "";
			projectReferences = (
				{
					ProductGroup = 42F087D31DFDE60600C38CAC /* Products */;
					ProjectRef = 42F087D21DFDE60600C38CAC /* Charts.xcodeproj */;
				},
			);
			projectRoot = "";
			targets = (
				42F252A41DC8F42200C79D99 /* Rehab Tracker */,
				42F252BB1DC8F42300C79D99 /* Rehab TrackerTests */,
				42F252C61DC8F42300C79D99 /* Rehab TrackerUITests */,
				42CBBECB1E8EC32200B215A8 /* NotificationService */,
			);
		};
/* End PBXProject section */

/* Begin PBXReferenceProxy section */
		42F087D91DFDE60700C38CAC /* Charts.framework */ = {
			isa = PBXReferenceProxy;
			fileType = wrapper.framework;
			path = Charts.framework;
			remoteRef = 42F087D81DFDE60700C38CAC /* PBXContainerItemProxy */;
			sourceTree = BUILT_PRODUCTS_DIR;
		};
		42F087DB1DFDE60700C38CAC /* ChartsRealm.framework */ = {
			isa = PBXReferenceProxy;
			fileType = wrapper.framework;
			path = ChartsRealm.framework;
			remoteRef = 42F087DA1DFDE60700C38CAC /* PBXContainerItemProxy */;
			sourceTree = BUILT_PRODUCTS_DIR;
		};
		42F087DD1DFDE60700C38CAC /* ChartsTests.xctest */ = {
			isa = PBXReferenceProxy;
			fileType = wrapper.cfbundle;
			path = ChartsTests.xctest;
			remoteRef = 42F087DC1DFDE60700C38CAC /* PBXContainerItemProxy */;
			sourceTree = BUILT_PRODUCTS_DIR;
		};
/* End PBXReferenceProxy section */

/* Begin PBXResourcesBuildPhase section */
		42CBBECA1E8EC32200B215A8 /* Resources */ = {
			isa = PBXResourcesBuildPhase;
			buildActionMask = 2147483647;
			files = (
			);
			runOnlyForDeploymentPostprocessing = 0;
		};
		42F252A31DC8F42200C79D99 /* Resources */ = {
			isa = PBXResourcesBuildPhase;
			buildActionMask = 2147483647;
			files = (
				42CCA4291E39456F009CB0DE /* LaunchScreen.xib in Resources */,
				42F252B31DC8F42300C79D99 /* Assets.xcassets in Resources */,
				42F252AE1DC8F42300C79D99 /* Main.storyboard in Resources */,
			);
			runOnlyForDeploymentPostprocessing = 0;
		};
		42F252BA1DC8F42300C79D99 /* Resources */ = {
			isa = PBXResourcesBuildPhase;
			buildActionMask = 2147483647;
			files = (
			);
			runOnlyForDeploymentPostprocessing = 0;
		};
		42F252C51DC8F42300C79D99 /* Resources */ = {
			isa = PBXResourcesBuildPhase;
			buildActionMask = 2147483647;
			files = (
			);
			runOnlyForDeploymentPostprocessing = 0;
		};
/* End PBXResourcesBuildPhase section */

/* Begin PBXShellScriptBuildPhase section */
		04CF19F0BC1C9E29FA23A2C4 /* [CP] Check Pods Manifest.lock */ = {
			isa = PBXShellScriptBuildPhase;
			buildActionMask = 2147483647;
			files = (
			);
			inputPaths = (
			);
			name = "[CP] Check Pods Manifest.lock";
			outputPaths = (
			);
			runOnlyForDeploymentPostprocessing = 0;
			shellPath = /bin/sh;
			shellScript = "diff \"${PODS_ROOT}/../Podfile.lock\" \"${PODS_ROOT}/Manifest.lock\" > /dev/null\nif [ $? != 0 ] ; then\n    # print error to STDERR\n    echo \"error: The sandbox is not in sync with the Podfile.lock. Run 'pod install' or update your CocoaPods installation.\" >&2\n    exit 1\nfi\n";
			showEnvVarsInLog = 0;
		};
		0B16778760AD373251C7F2AB /* [CP] Check Pods Manifest.lock */ = {
			isa = PBXShellScriptBuildPhase;
			buildActionMask = 2147483647;
			files = (
			);
			inputPaths = (
			);
			name = "[CP] Check Pods Manifest.lock";
			outputPaths = (
			);
			runOnlyForDeploymentPostprocessing = 0;
			shellPath = /bin/sh;
			shellScript = "diff \"${PODS_ROOT}/../Podfile.lock\" \"${PODS_ROOT}/Manifest.lock\" > /dev/null\nif [ $? != 0 ] ; then\n    # print error to STDERR\n    echo \"error: The sandbox is not in sync with the Podfile.lock. Run 'pod install' or update your CocoaPods installation.\" >&2\n    exit 1\nfi\n";
			showEnvVarsInLog = 0;
		};
		2F6161FC12C3916E649C209B /* [CP] Check Pods Manifest.lock */ = {
			isa = PBXShellScriptBuildPhase;
			buildActionMask = 2147483647;
			files = (
			);
			inputPaths = (
			);
			name = "[CP] Check Pods Manifest.lock";
			outputPaths = (
			);
			runOnlyForDeploymentPostprocessing = 0;
			shellPath = /bin/sh;
			shellScript = "diff \"${PODS_ROOT}/../Podfile.lock\" \"${PODS_ROOT}/Manifest.lock\" > /dev/null\nif [ $? != 0 ] ; then\n    # print error to STDERR\n    echo \"error: The sandbox is not in sync with the Podfile.lock. Run 'pod install' or update your CocoaPods installation.\" >&2\n    exit 1\nfi\n";
			showEnvVarsInLog = 0;
		};
		978274B85034016F76D2F0AC /* [CP] Copy Pods Resources */ = {
			isa = PBXShellScriptBuildPhase;
			buildActionMask = 2147483647;
			files = (
			);
			inputPaths = (
			);
			name = "[CP] Copy Pods Resources";
			outputPaths = (
			);
			runOnlyForDeploymentPostprocessing = 0;
			shellPath = /bin/sh;
			shellScript = "\"${SRCROOT}/Pods/Target Support Files/Pods-Rehab TrackerTests/Pods-Rehab TrackerTests-resources.sh\"\n";
			showEnvVarsInLog = 0;
		};
		9C32B2D5A8323A7F6735EBE4 /* [CP] Copy Pods Resources */ = {
			isa = PBXShellScriptBuildPhase;
			buildActionMask = 2147483647;
			files = (
			);
			inputPaths = (
			);
			name = "[CP] Copy Pods Resources";
			outputPaths = (
			);
			runOnlyForDeploymentPostprocessing = 0;
			shellPath = /bin/sh;
			shellScript = "\"${SRCROOT}/Pods/Target Support Files/Pods-Rehab Tracker/Pods-Rehab Tracker-resources.sh\"\n";
			showEnvVarsInLog = 0;
		};
		9E9163661216B0D7DDC06B61 /* [CP] Embed Pods Frameworks */ = {
			isa = PBXShellScriptBuildPhase;
			buildActionMask = 2147483647;
			files = (
			);
			inputPaths = (
			);
			name = "[CP] Embed Pods Frameworks";
			outputPaths = (
			);
			runOnlyForDeploymentPostprocessing = 0;
			shellPath = /bin/sh;
			shellScript = "\"${SRCROOT}/Pods/Target Support Files/Pods-Rehab TrackerUITests/Pods-Rehab TrackerUITests-frameworks.sh\"\n";
			showEnvVarsInLog = 0;
		};
		A35836EA07BFE4EEAA881A56 /* [CP] Copy Pods Resources */ = {
			isa = PBXShellScriptBuildPhase;
			buildActionMask = 2147483647;
			files = (
			);
			inputPaths = (
			);
			name = "[CP] Copy Pods Resources";
			outputPaths = (
			);
			runOnlyForDeploymentPostprocessing = 0;
			shellPath = /bin/sh;
			shellScript = "\"${SRCROOT}/Pods/Target Support Files/Pods-Rehab TrackerUITests/Pods-Rehab TrackerUITests-resources.sh\"\n";
			showEnvVarsInLog = 0;
		};
		B305CBE7F1C72BB4BD8E2F20 /* [CP] Embed Pods Frameworks */ = {
			isa = PBXShellScriptBuildPhase;
			buildActionMask = 2147483647;
			files = (
			);
			inputPaths = (
			);
			name = "[CP] Embed Pods Frameworks";
			outputPaths = (
			);
			runOnlyForDeploymentPostprocessing = 0;
			shellPath = /bin/sh;
			shellScript = "\"${SRCROOT}/Pods/Target Support Files/Pods-Rehab TrackerTests/Pods-Rehab TrackerTests-frameworks.sh\"\n";
			showEnvVarsInLog = 0;
		};
		D2AAEEC623C16EBE485B3E44 /* [CP] Embed Pods Frameworks */ = {
			isa = PBXShellScriptBuildPhase;
			buildActionMask = 2147483647;
			files = (
			);
			inputPaths = (
			);
			name = "[CP] Embed Pods Frameworks";
			outputPaths = (
			);
			runOnlyForDeploymentPostprocessing = 0;
			shellPath = /bin/sh;
			shellScript = "\"${SRCROOT}/Pods/Target Support Files/Pods-Rehab Tracker/Pods-Rehab Tracker-frameworks.sh\"\n";
			showEnvVarsInLog = 0;
		};
/* End PBXShellScriptBuildPhase section */

/* Begin PBXSourcesBuildPhase section */
		42CBBEC81E8EC32200B215A8 /* Sources */ = {
			isa = PBXSourcesBuildPhase;
			buildActionMask = 2147483647;
			files = (
				42CBBECF1E8EC32300B215A8 /* NotificationService.swift in Sources */,
			);
			runOnlyForDeploymentPostprocessing = 0;
		};
		42F252A11DC8F42200C79D99 /* Sources */ = {
			isa = PBXSourcesBuildPhase;
			buildActionMask = 2147483647;
			files = (
				42A96A9B1DF5E7FC0016FD5B /* Session+CoreDataProperties.swift in Sources */,
				42F252AB1DC8F42200C79D99 /* ViewController.swift in Sources */,
				42A96A9D1DF5E7FC0016FD5B /* User+CoreDataProperties.swift in Sources */,
				42F252A91DC8F42200C79D99 /* AppDelegate.swift in Sources */,
				42B654C61DCA90DA0031C21F /* SyncViewController.swift in Sources */,
				42A96A9A1DF5E7FC0016FD5B /* Session+CoreDataClass.swift in Sources */,
				4221681C1DF9A069008FDDF8 /* StatsViewController.swift in Sources */,
				42378C6C1E53D39C005575D6 /* Util.swift in Sources */,
				42A96A9C1DF5E7FC0016FD5B /* User+CoreDataClass.swift in Sources */,
				42A0D50E1E5259960003A96B /* Rehab_Tracker.xcdatamodeld in Sources */,
			);
			runOnlyForDeploymentPostprocessing = 0;
		};
		42F252B81DC8F42300C79D99 /* Sources */ = {
			isa = PBXSourcesBuildPhase;
			buildActionMask = 2147483647;
			files = (
				42F252C11DC8F42300C79D99 /* Rehab_TrackerTests.swift in Sources */,
			);
			runOnlyForDeploymentPostprocessing = 0;
		};
		42F252C31DC8F42300C79D99 /* Sources */ = {
			isa = PBXSourcesBuildPhase;
			buildActionMask = 2147483647;
			files = (
				42F252CC1DC8F42300C79D99 /* Rehab_TrackerUITests.swift in Sources */,
			);
			runOnlyForDeploymentPostprocessing = 0;
		};
/* End PBXSourcesBuildPhase section */

/* Begin PBXTargetDependency section */
		42CBBED21E8EC32300B215A8 /* PBXTargetDependency */ = {
			isa = PBXTargetDependency;
			target = 42CBBECB1E8EC32200B215A8 /* NotificationService */;
			targetProxy = 42CBBED11E8EC32300B215A8 /* PBXContainerItemProxy */;
		};
		42F087E11DFDE62800C38CAC /* PBXTargetDependency */ = {
			isa = PBXTargetDependency;
			name = Charts;
			targetProxy = 42F087E01DFDE62800C38CAC /* PBXContainerItemProxy */;
		};
		42F252BE1DC8F42300C79D99 /* PBXTargetDependency */ = {
			isa = PBXTargetDependency;
			target = 42F252A41DC8F42200C79D99 /* Rehab Tracker */;
			targetProxy = 42F252BD1DC8F42300C79D99 /* PBXContainerItemProxy */;
		};
		42F252C91DC8F42300C79D99 /* PBXTargetDependency */ = {
			isa = PBXTargetDependency;
			target = 42F252A41DC8F42200C79D99 /* Rehab Tracker */;
			targetProxy = 42F252C81DC8F42300C79D99 /* PBXContainerItemProxy */;
		};
/* End PBXTargetDependency section */

/* Begin PBXVariantGroup section */
		42CCA4271E39456F009CB0DE /* LaunchScreen.xib */ = {
			isa = PBXVariantGroup;
			children = (
				42CCA4281E39456F009CB0DE /* Base */,
			);
			name = LaunchScreen.xib;
			sourceTree = "<group>";
		};
		42F252AC1DC8F42300C79D99 /* Main.storyboard */ = {
			isa = PBXVariantGroup;
			children = (
				42F252AD1DC8F42300C79D99 /* Base */,
			);
			name = Main.storyboard;
			sourceTree = "<group>";
		};
/* End PBXVariantGroup section */

/* Begin XCBuildConfiguration section */
		42CBBED51E8EC32300B215A8 /* Debug */ = {
			isa = XCBuildConfiguration;
			buildSettings = {
				DEVELOPMENT_TEAM = XD63BJ9269;
				INFOPLIST_FILE = NotificationService/Info.plist;
				IPHONEOS_DEPLOYMENT_TARGET = 10.2;
				LD_RUNPATH_SEARCH_PATHS = "$(inherited) @executable_path/Frameworks @executable_path/../../Frameworks";
				PRODUCT_BUNDLE_IDENTIFIER = "UVM.Rehab-Tracker-CS275.NotificationService";
				PRODUCT_NAME = "$(TARGET_NAME)";
				SKIP_INSTALL = YES;
				SWIFT_VERSION = 3.0;
			};
			name = Debug;
		};
		42CBBED61E8EC32300B215A8 /* Release */ = {
			isa = XCBuildConfiguration;
			buildSettings = {
				DEVELOPMENT_TEAM = XD63BJ9269;
				INFOPLIST_FILE = NotificationService/Info.plist;
				IPHONEOS_DEPLOYMENT_TARGET = 10.2;
				LD_RUNPATH_SEARCH_PATHS = "$(inherited) @executable_path/Frameworks @executable_path/../../Frameworks";
				PRODUCT_BUNDLE_IDENTIFIER = "UVM.Rehab-Tracker-CS275.NotificationService";
				PRODUCT_NAME = "$(TARGET_NAME)";
				SKIP_INSTALL = YES;
				SWIFT_VERSION = 3.0;
			};
			name = Release;
		};
		42F252CE1DC8F42300C79D99 /* Debug */ = {
			isa = XCBuildConfiguration;
			buildSettings = {
				ALWAYS_SEARCH_USER_PATHS = NO;
				CLANG_ANALYZER_NONNULL = YES;
				CLANG_CXX_LANGUAGE_STANDARD = "gnu++0x";
				CLANG_CXX_LIBRARY = "libc++";
				CLANG_ENABLE_MODULES = YES;
				CLANG_ENABLE_OBJC_ARC = YES;
				CLANG_WARN_BOOL_CONVERSION = YES;
				CLANG_WARN_CONSTANT_CONVERSION = YES;
				CLANG_WARN_DIRECT_OBJC_ISA_USAGE = YES_ERROR;
				CLANG_WARN_DOCUMENTATION_COMMENTS = YES;
				CLANG_WARN_EMPTY_BODY = YES;
				CLANG_WARN_ENUM_CONVERSION = YES;
				CLANG_WARN_INFINITE_RECURSION = YES;
				CLANG_WARN_INT_CONVERSION = YES;
				CLANG_WARN_OBJC_ROOT_CLASS = YES_ERROR;
				CLANG_WARN_SUSPICIOUS_MOVE = YES;
				CLANG_WARN_SUSPICIOUS_MOVES = YES;
				CLANG_WARN_UNREACHABLE_CODE = YES;
				CLANG_WARN__DUPLICATE_METHOD_MATCH = YES;
				"CODE_SIGN_IDENTITY[sdk=iphoneos*]" = "iPhone Developer";
				COPY_PHASE_STRIP = NO;
				DEBUG_INFORMATION_FORMAT = dwarf;
				ENABLE_STRICT_OBJC_MSGSEND = YES;
				ENABLE_TESTABILITY = YES;
				GCC_C_LANGUAGE_STANDARD = gnu99;
				GCC_DYNAMIC_NO_PIC = NO;
				GCC_NO_COMMON_BLOCKS = YES;
				GCC_OPTIMIZATION_LEVEL = 0;
				GCC_PREPROCESSOR_DEFINITIONS = (
					"DEBUG=1",
					"$(inherited)",
				);
				GCC_WARN_64_TO_32_BIT_CONVERSION = YES;
				GCC_WARN_ABOUT_RETURN_TYPE = YES_ERROR;
				GCC_WARN_UNDECLARED_SELECTOR = YES;
				GCC_WARN_UNINITIALIZED_AUTOS = YES_AGGRESSIVE;
				GCC_WARN_UNUSED_FUNCTION = YES;
				GCC_WARN_UNUSED_VARIABLE = YES;
				IPHONEOS_DEPLOYMENT_TARGET = 10.0;
				MTL_ENABLE_DEBUG_INFO = YES;
				ONLY_ACTIVE_ARCH = YES;
				SDKROOT = iphoneos;
				SWIFT_ACTIVE_COMPILATION_CONDITIONS = DEBUG;
				SWIFT_OPTIMIZATION_LEVEL = "-Onone";
			};
			name = Debug;
		};
		42F252CF1DC8F42300C79D99 /* Release */ = {
			isa = XCBuildConfiguration;
			buildSettings = {
				ALWAYS_SEARCH_USER_PATHS = NO;
				CLANG_ANALYZER_NONNULL = YES;
				CLANG_CXX_LANGUAGE_STANDARD = "gnu++0x";
				CLANG_CXX_LIBRARY = "libc++";
				CLANG_ENABLE_MODULES = YES;
				CLANG_ENABLE_OBJC_ARC = YES;
				CLANG_WARN_BOOL_CONVERSION = YES;
				CLANG_WARN_CONSTANT_CONVERSION = YES;
				CLANG_WARN_DIRECT_OBJC_ISA_USAGE = YES_ERROR;
				CLANG_WARN_DOCUMENTATION_COMMENTS = YES;
				CLANG_WARN_EMPTY_BODY = YES;
				CLANG_WARN_ENUM_CONVERSION = YES;
				CLANG_WARN_INFINITE_RECURSION = YES;
				CLANG_WARN_INT_CONVERSION = YES;
				CLANG_WARN_OBJC_ROOT_CLASS = YES_ERROR;
				CLANG_WARN_SUSPICIOUS_MOVE = YES;
				CLANG_WARN_SUSPICIOUS_MOVES = YES;
				CLANG_WARN_UNREACHABLE_CODE = YES;
				CLANG_WARN__DUPLICATE_METHOD_MATCH = YES;
				"CODE_SIGN_IDENTITY[sdk=iphoneos*]" = "iPhone Developer";
				COPY_PHASE_STRIP = NO;
				DEBUG_INFORMATION_FORMAT = "dwarf-with-dsym";
				ENABLE_NS_ASSERTIONS = NO;
				ENABLE_STRICT_OBJC_MSGSEND = YES;
				GCC_C_LANGUAGE_STANDARD = gnu99;
				GCC_NO_COMMON_BLOCKS = YES;
				GCC_WARN_64_TO_32_BIT_CONVERSION = YES;
				GCC_WARN_ABOUT_RETURN_TYPE = YES_ERROR;
				GCC_WARN_UNDECLARED_SELECTOR = YES;
				GCC_WARN_UNINITIALIZED_AUTOS = YES_AGGRESSIVE;
				GCC_WARN_UNUSED_FUNCTION = YES;
				GCC_WARN_UNUSED_VARIABLE = YES;
				IPHONEOS_DEPLOYMENT_TARGET = 10.0;
				MTL_ENABLE_DEBUG_INFO = NO;
				SDKROOT = iphoneos;
				SWIFT_OPTIMIZATION_LEVEL = "-Owholemodule";
				VALIDATE_PRODUCT = YES;
			};
			name = Release;
		};
		42F252D11DC8F42300C79D99 /* Debug */ = {
			isa = XCBuildConfiguration;
			baseConfigurationReference = 9199E6BC45625A11DD740DA1 /* Pods-Rehab Tracker.debug.xcconfig */;
			buildSettings = {
				ALWAYS_EMBED_SWIFT_STANDARD_LIBRARIES = YES;
				ASSETCATALOG_COMPILER_APPICON_NAME = AppIcon;
				CLANG_ENABLE_MODULES = YES;
				CODE_SIGN_ENTITLEMENTS = "Rehab Tracker/Rehab Tracker.entitlements";
				"CODE_SIGN_IDENTITY[sdk=iphoneos*]" = "iPhone Developer";
				DEVELOPMENT_TEAM = XD63BJ9269;
				INFOPLIST_FILE = "Rehab Tracker/Info.plist";
				IPHONEOS_DEPLOYMENT_TARGET = 10.2;
				LD_RUNPATH_SEARCH_PATHS = "$(inherited) @executable_path/Frameworks";
				PRODUCT_BUNDLE_IDENTIFIER = "UVM.Rehab-Tracker-CS275";
				PRODUCT_NAME = "$(TARGET_NAME)";
				SWIFT_OBJC_BRIDGING_HEADER = "";
				SWIFT_OPTIMIZATION_LEVEL = "-Onone";
				SWIFT_VERSION = 3.0;
			};
			name = Debug;
		};
		42F252D21DC8F42300C79D99 /* Release */ = {
			isa = XCBuildConfiguration;
			baseConfigurationReference = D1ACEE1566EC88AFD17DFE66 /* Pods-Rehab Tracker.release.xcconfig */;
			buildSettings = {
				ALWAYS_EMBED_SWIFT_STANDARD_LIBRARIES = YES;
				ASSETCATALOG_COMPILER_APPICON_NAME = AppIcon;
				CLANG_ENABLE_MODULES = YES;
				CODE_SIGN_ENTITLEMENTS = "Rehab Tracker/Rehab Tracker.entitlements";
				"CODE_SIGN_IDENTITY[sdk=iphoneos*]" = "iPhone Developer";
				DEVELOPMENT_TEAM = XD63BJ9269;
				INFOPLIST_FILE = "Rehab Tracker/Info.plist";
				IPHONEOS_DEPLOYMENT_TARGET = 10.2;
				LD_RUNPATH_SEARCH_PATHS = "$(inherited) @executable_path/Frameworks";
				PRODUCT_BUNDLE_IDENTIFIER = "UVM.Rehab-Tracker-CS275";
				PRODUCT_NAME = "$(TARGET_NAME)";
				SWIFT_OBJC_BRIDGING_HEADER = "";
				SWIFT_VERSION = 3.0;
			};
			name = Release;
		};
		42F252D41DC8F42300C79D99 /* Debug */ = {
			isa = XCBuildConfiguration;
			baseConfigurationReference = CC4264F0AD470317BB45D4EE /* Pods-Rehab TrackerTests.debug.xcconfig */;
			buildSettings = {
				ALWAYS_EMBED_SWIFT_STANDARD_LIBRARIES = YES;
				BUNDLE_LOADER = "$(TEST_HOST)";
				DEVELOPMENT_TEAM = XD63BJ9269;
				INFOPLIST_FILE = "Rehab TrackerTests/Info.plist";
				LD_RUNPATH_SEARCH_PATHS = "$(inherited) @executable_path/Frameworks @loader_path/Frameworks";
				PRODUCT_BUNDLE_IDENTIFIER = "UVM.Rehab-TrackerTests";
				PRODUCT_NAME = "$(TARGET_NAME)";
				SWIFT_VERSION = 3.0;
				TEST_HOST = "$(BUILT_PRODUCTS_DIR)/Rehab Tracker.app/Rehab Tracker";
			};
			name = Debug;
		};
		42F252D51DC8F42300C79D99 /* Release */ = {
			isa = XCBuildConfiguration;
			baseConfigurationReference = CA0F2C0D9220C8BE8902FD31 /* Pods-Rehab TrackerTests.release.xcconfig */;
			buildSettings = {
				ALWAYS_EMBED_SWIFT_STANDARD_LIBRARIES = YES;
				BUNDLE_LOADER = "$(TEST_HOST)";
				DEVELOPMENT_TEAM = XD63BJ9269;
				INFOPLIST_FILE = "Rehab TrackerTests/Info.plist";
				LD_RUNPATH_SEARCH_PATHS = "$(inherited) @executable_path/Frameworks @loader_path/Frameworks";
				PRODUCT_BUNDLE_IDENTIFIER = "UVM.Rehab-TrackerTests";
				PRODUCT_NAME = "$(TARGET_NAME)";
				SWIFT_VERSION = 3.0;
				TEST_HOST = "$(BUILT_PRODUCTS_DIR)/Rehab Tracker.app/Rehab Tracker";
			};
			name = Release;
		};
		42F252D71DC8F42300C79D99 /* Debug */ = {
			isa = XCBuildConfiguration;
			baseConfigurationReference = 4676B7F1FDCF7A07BAD6D26C /* Pods-Rehab TrackerUITests.debug.xcconfig */;
			buildSettings = {
				ALWAYS_EMBED_SWIFT_STANDARD_LIBRARIES = YES;
				DEVELOPMENT_TEAM = XD63BJ9269;
				INFOPLIST_FILE = "Rehab TrackerUITests/Info.plist";
				LD_RUNPATH_SEARCH_PATHS = "$(inherited) @executable_path/Frameworks @loader_path/Frameworks";
				PRODUCT_BUNDLE_IDENTIFIER = "UVM.Rehab-TrackerUITests";
				PRODUCT_NAME = "$(TARGET_NAME)";
				SWIFT_VERSION = 3.0;
				TEST_TARGET_NAME = "Rehab Tracker";
			};
			name = Debug;
		};
		42F252D81DC8F42300C79D99 /* Release */ = {
			isa = XCBuildConfiguration;
			baseConfigurationReference = 287D7DB1AAD5C316CD3B6319 /* Pods-Rehab TrackerUITests.release.xcconfig */;
			buildSettings = {
				ALWAYS_EMBED_SWIFT_STANDARD_LIBRARIES = YES;
				DEVELOPMENT_TEAM = XD63BJ9269;
				INFOPLIST_FILE = "Rehab TrackerUITests/Info.plist";
				LD_RUNPATH_SEARCH_PATHS = "$(inherited) @executable_path/Frameworks @loader_path/Frameworks";
				PRODUCT_BUNDLE_IDENTIFIER = "UVM.Rehab-TrackerUITests";
				PRODUCT_NAME = "$(TARGET_NAME)";
				SWIFT_VERSION = 3.0;
				TEST_TARGET_NAME = "Rehab Tracker";
			};
			name = Release;
		};
/* End XCBuildConfiguration section */

/* Begin XCConfigurationList section */
		42CBBED41E8EC32300B215A8 /* Build configuration list for PBXNativeTarget "NotificationService" */ = {
			isa = XCConfigurationList;
			buildConfigurations = (
				42CBBED51E8EC32300B215A8 /* Debug */,
				42CBBED61E8EC32300B215A8 /* Release */,
			);
			defaultConfigurationIsVisible = 0;
			defaultConfigurationName = Release;
		};
		42F252A01DC8F42200C79D99 /* Build configuration list for PBXProject "Rehab Tracker" */ = {
			isa = XCConfigurationList;
			buildConfigurations = (
				42F252CE1DC8F42300C79D99 /* Debug */,
				42F252CF1DC8F42300C79D99 /* Release */,
			);
			defaultConfigurationIsVisible = 0;
			defaultConfigurationName = Release;
		};
		42F252D01DC8F42300C79D99 /* Build configuration list for PBXNativeTarget "Rehab Tracker" */ = {
			isa = XCConfigurationList;
			buildConfigurations = (
				42F252D11DC8F42300C79D99 /* Debug */,
				42F252D21DC8F42300C79D99 /* Release */,
			);
			defaultConfigurationIsVisible = 0;
			defaultConfigurationName = Release;
		};
		42F252D31DC8F42300C79D99 /* Build configuration list for PBXNativeTarget "Rehab TrackerTests" */ = {
			isa = XCConfigurationList;
			buildConfigurations = (
				42F252D41DC8F42300C79D99 /* Debug */,
				42F252D51DC8F42300C79D99 /* Release */,
			);
			defaultConfigurationIsVisible = 0;
			defaultConfigurationName = Release;
		};
		42F252D61DC8F42300C79D99 /* Build configuration list for PBXNativeTarget "Rehab TrackerUITests" */ = {
			isa = XCConfigurationList;
			buildConfigurations = (
				42F252D71DC8F42300C79D99 /* Debug */,
				42F252D81DC8F42300C79D99 /* Release */,
			);
			defaultConfigurationIsVisible = 0;
			defaultConfigurationName = Release;
		};
/* End XCConfigurationList section */

/* Begin XCVersionGroup section */
		42A0D50C1E5259960003A96B /* Rehab_Tracker.xcdatamodeld */ = {
			isa = XCVersionGroup;
			children = (
				42A0D50D1E5259960003A96B /* CoreDataPractice.xcdatamodel */,
			);
			currentVersion = 42A0D50D1E5259960003A96B /* CoreDataPractice.xcdatamodel */;
			path = Rehab_Tracker.xcdatamodeld;
			sourceTree = "<group>";
			versionGroupType = wrapper.xcdatamodel;
		};
/* End XCVersionGroup section */
	};
	rootObject = 42F2529D1DC8F42200C79D99 /* Project object */;
}
